
Microsoft Visual Studio Solution File, Format Version 12.00
# Visual Studio Version 16
VisualStudioVersion = 16.0.30011.22
MinimumVisualStudioVersion = 10.0.40219.1
Project("{9A19103F-16F7-4668-BE54-9A1E7A4F7556}") = "NewAge.Redis", "NewAge.Redis.csproj", "{31700A7D-704D-4876-965B-2DFD4067D716}"
EndProject
Project("{FAE04EC0-301F-11D3-BF4B-00C04F79EFBC}") = "NewAge.Redis.XUnitTest", "..\test\NewAge.Redis.XUnitTest\NewAge.Redis.XUnitTest.csproj", "{912A0676-BD01-4ED4-97B5-0D09BC86FBB1}"
EndProject
Global
	GlobalSection(SolutionConfigurationPlatforms) = preSolution
		Debug|Any CPU = Debug|Any CPU
		Release|Any CPU = Release|Any CPU
	EndGlobalSection
	GlobalSection(ProjectConfigurationPlatforms) = postSolution
		{31700A7D-704D-4876-965B-2DFD4067D716}.Debug|Any CPU.ActiveCfg = Debug|Any CPU
		{31700A7D-704D-4876-965B-2DFD4067D716}.Debug|Any CPU.Build.0 = Debug|Any CPU
		{31700A7D-704D-4876-965B-2DFD4067D716}.Release|Any CPU.ActiveCfg = Release|Any CPU
		{31700A7D-704D-4876-965B-2DFD4067D716}.Release|Any CPU.Build.0 = Release|Any CPU
		{912A0676-BD01-4ED4-97B5-0D09BC86FBB1}.Debug|Any CPU.ActiveCfg = Debug|Any CPU
		{912A0676-BD01-4ED4-97B5-0D09BC86FBB1}.Debug|Any CPU.Build.0 = Debug|Any CPU
		{912A0676-BD01-4ED4-97B5-0D09BC86FBB1}.Release|Any CPU.ActiveCfg = Release|Any CPU
		{912A0676-BD01-4ED4-97B5-0D09BC86FBB1}.Release|Any CPU.Build.0 = Release|Any CPU
	EndGlobalSection
	GlobalSection(SolutionProperties) = preSolution
		HideSolutionNode = FALSE
	EndGlobalSection
	GlobalSection(ExtensibilityGlobals) = postSolution
		SolutionGuid = {E4268BD6-FD35-4767-986E-E056CDF26F3B}
	EndGlobalSection
EndGlobal
